{
  "name": "@ecl-twig/ecl-button",
  "version": "0.0.1-alpha",
  "lockfileVersion": 1,
  "requires": true,
  "dependencies": {
    "@ecl/ec-base": {
      "version": "2.0.0",
      "resolved": "https://registry.npmjs.org/@ecl/ec-base/-/ec-base-2.0.0.tgz",
      "integrity": "sha512-Q2RtoOhumBnlqNQtDx+8zuYMFS/4Nl4YvKJskWd2nb3ByADyDg++2XNA/koDvFyMfqfHU+9VAzP4LfgWl0DSmg=="
    },
    "@ecl/ec-component-blockquote": {
      "version": "2.0.0",
      "resolved": "https://registry.npmjs.org/@ecl/ec-component-blockquote/-/ec-component-blockquote-2.0.0.tgz",
      "integrity": "sha512-s6EffKNBNSeWmCO122eB4cXEEKSXUnx8ZOuBxUlhgkrO+ajMj7j3QVva6TyvyfzYNutYakHErWsqQ9D74fR9dw==",
      "requires": {
        "@ecl/ec-base": "^2.0.0"
      }
    },
    "@ecl/ec-design-tokens": {
      "version": "2.0.0",
      "resolved": "https://registry.npmjs.org/@ecl/ec-design-tokens/-/ec-design-tokens-2.0.0.tgz",
      "integrity": "sha512-OS/yN9GCe5Xggc9mzw/5C2fd5+vla4RgKAQynUwcQtx7OlIUCeVtdMX+gSeuzR7BxA/06U/kh9uMjASnK9qsMQ=="
    },
    "@ecl/ec-preset-full": {
      "version": "2.0.0",
      "resolved": "https://registry.npmjs.org/@ecl/ec-preset-full/-/ec-preset-full-2.0.0.tgz",
      "integrity": "sha512-fxfq1QdglVLDI1XMw8UnS7gEC96OuPapeeAAx9avIvcie4yIweYCMB+Jz0440ccknOb2b3NOcof1qA1BcyB23A=="
    },
    "@ecl/ec-resources-icons": {
      "version": "2.0.0",
      "resolved": "https://registry.npmjs.org/@ecl/ec-resources-icons/-/ec-resources-icons-2.0.0.tgz",
      "integrity": "sha512-G0P9JI5PR7yQ8+/xeYoPfBdu7Gtz1KvNCVvjxcwOuu/361zlKx5BW0uNauurUqh6moHA7sjpV+TdW6PME/AFBQ=="
    },
    "@ecl/ec-specs-button": {
      "version": "2.0.0",
      "resolved": "https://registry.npmjs.org/@ecl/ec-specs-button/-/ec-specs-button-2.0.0.tgz",
      "integrity": "sha512-31qIYaqGFNompLAJ9VoZygWzTl/YpEYYLDpCx5ewfhHii/tqkltaXNBWDBjTMS6gFLyJV66VYkZpuE+htAP2Hw==",
      "requires": {
        "@ecl/ec-resources-icons": "^2.0.0"
      }
    },
    "@ecl/ec-theme-default": {
      "version": "2.0.0",
      "resolved": "https://registry.npmjs.org/@ecl/ec-theme-default/-/ec-theme-default-2.0.0.tgz",
      "integrity": "sha512-vQpz9RXOSMCpeVRuyYZpVF/CAS09aTIrmTHRwvKyYS6lNhelLRxb5u+0BOeWS3n1UjQgkp0DfOVOT5m1E2meTQ==",
      "requires": {
        "@ecl/ec-design-tokens": "^2.0.0",
        "@ecl/ec-specs-button": "^2.0.0"
      }
    }
  }
}
